
Microsoft Visual Studio Solution File, Format Version 12.00
# Visual Studio Version 16
VisualStudioVersion = 25.0.1706.11
MinimumVisualStudioVersion = 10.0.40219.1
Project("{FAE04EC0-301F-11D3-BF4B-00C04F79EFBC}") = "DongulerIcinBenchmark", "DongulerIcinBenchmark\DongulerIcinBenchmark.csproj", "{2662E55F-ADF8-4251-BFBD-89E0A652845F}"
EndProject
Global
	GlobalSection(SolutionConfigurationPlatforms) = preSolution
		Debug|Any CPU = Debug|Any CPU
		Release|Any CPU = Release|Any CPU
	EndGlobalSection
	GlobalSection(ProjectConfigurationPlatforms) = postSolution
		{2662E55F-ADF8-4251-BFBD-89E0A652845F}.Debug|Any CPU.ActiveCfg = Debug|Any CPU
		{2662E55F-ADF8-4251-BFBD-89E0A652845F}.Debug|Any CPU.Build.0 = Debug|Any CPU
		{2662E55F-ADF8-4251-BFBD-89E0A652845F}.Release|Any CPU.ActiveCfg = Release|Any CPU
		{2662E55F-ADF8-4251-BFBD-89E0A652845F}.Release|Any CPU.Build.0 = Release|Any CPU
	EndGlobalSection
	GlobalSection(SolutionProperties) = preSolution
		HideSolutionNode = FALSE
	EndGlobalSection
	GlobalSection(ExtensibilityGlobals) = postSolution
		SolutionGuid = {70924260-3795-4E18-BA15-A7B45C62CE39}
	EndGlobalSection
EndGlobal
